
Microsoft Visual Studio Solution File, Format Version 12.00
# Visual Studio Version 17
VisualStudioVersion = 17.14.37012.4 d17.14
MinimumVisualStudioVersion = 10.0.40219.1
Project("{FAE04EC0-301F-11D3-BF4B-00C04F79EFBC}") = "ValidationAndRouting", "ValidationAndRouting.csproj", "{8F3F5675-E533-4F05-95AE-6CA402ABDF48}"
EndProject
Global
	GlobalSection(SolutionConfigurationPlatforms) = preSolution
		Debug|Any CPU = Debug|Any CPU
		Release|Any CPU = Release|Any CPU
	EndGlobalSection
	GlobalSection(ProjectConfigurationPlatforms) = postSolution
		{8F3F5675-E533-4F05-95AE-6CA402ABDF48}.Debug|Any CPU.ActiveCfg = Debug|Any CPU
		{8F3F5675-E533-4F05-95AE-6CA402ABDF48}.Debug|Any CPU.Build.0 = Debug|Any CPU
		{8F3F5675-E533-4F05-95AE-6CA402ABDF48}.Release|Any CPU.ActiveCfg = Release|Any CPU
		{8F3F5675-E533-4F05-95AE-6CA402ABDF48}.Release|Any CPU.Build.0 = Release|Any CPU
	EndGlobalSection
	GlobalSection(SolutionProperties) = preSolution
		HideSolutionNode = FALSE
	EndGlobalSection
	GlobalSection(ExtensibilityGlobals) = postSolution
		SolutionGuid = {550F7B53-BCD8-4321-84A1-E9299C7B4EF3}
	EndGlobalSection
EndGlobal
